
Microsoft Visual Studio Solution File, Format Version 12.00
# Visual Studio 2012
Project("{8BC9CEB8-8B4A-11D0-8D11-00A0C91BC942}") = "A3 Priority Queue", "A3 Priority Queue\A3 Priority Queue.vcxproj", "{B210E7DD-6F3A-4E3E-9826-348325D728EB}"
EndProject
Global
	GlobalSection(SolutionConfigurationPlatforms) = preSolution
		Debug|Win32 = Debug|Win32
		Release|Win32 = Release|Win32
	EndGlobalSection
	GlobalSection(ProjectConfigurationPlatforms) = postSolution
		{B210E7DD-6F3A-4E3E-9826-348325D728EB}.Debug|Win32.ActiveCfg = Debug|Win32
		{B210E7DD-6F3A-4E3E-9826-348325D728EB}.Debug|Win32.Build.0 = Debug|Win32
		{B210E7DD-6F3A-4E3E-9826-348325D728EB}.Release|Win32.ActiveCfg = Release|Win32
		{B210E7DD-6F3A-4E3E-9826-348325D728EB}.Release|Win32.Build.0 = Release|Win32
	EndGlobalSection
	GlobalSection(SolutionProperties) = preSolution
		HideSolutionNode = FALSE
	EndGlobalSection
EndGlobal
